// !$*UTF8*$!
{
	archiveVersion = 1;
	classes = {
	};
	objectVersion = 46;
	objects = {

/* Begin PBXBuildFile section */
		530607EE14ED07A50074BD64 /* PixelView.m in Sources */ = {isa = PBXBuildFile; fileRef = 530607ED14ED07A50074BD64 /* PixelView.m */; };
		533CB27D15056CF200F4B36E /* TileView.m in Sources */ = {isa = PBXBuildFile; fileRef = 533CB27C15056CF200F4B36E /* TileView.m */; };
		533CB2841505B6AF00F4B36E /* QuartzCore.framework in Frameworks */ = {isa = PBXBuildFile; fileRef = 533CB2831505B6AE00F4B36E /* QuartzCore.framework */; };
		533CB2871505BA9C00F4B36E /* TileQueue.m in Sources */ = {isa = PBXBuildFile; fileRef = 533CB2861505BA9C00F4B36E /* TileQueue.m */; };
		533CB28A1505BB7700F4B36E /* MovableTile.m in Sources */ = {isa = PBXBuildFile; fileRef = 533CB2891505BB7700F4B36E /* MovableTile.m */; };
		5382643414F1E8A20032E40C /* plungingpixels.png in Resources */ = {isa = PBXBuildFile; fileRef = 5382643314F1E8A20032E40C /* plungingpixels.png */; };
		53EDC711151104560065BCB0 /* PictureSelectMarioViewController.m in Sources */ = {isa = PBXBuildFile; fileRef = 53EDC710151104560065BCB0 /* PictureSelectMarioViewController.m */; };
		BB0D88FD14E8C8E1004FD11A /* UIKit.framework in Frameworks */ = {isa = PBXBuildFile; fileRef = BB0D88FC14E8C8E1004FD11A /* UIKit.framework */; };
		BB0D88FF14E8C8E1004FD11A /* Foundation.framework in Frameworks */ = {isa = PBXBuildFile; fileRef = BB0D88FE14E8C8E1004FD11A /* Foundation.framework */; };
		BB0D890114E8C8E1004FD11A /* CoreGraphics.framework in Frameworks */ = {isa = PBXBuildFile; fileRef = BB0D890014E8C8E1004FD11A /* CoreGraphics.framework */; };
		BB0D890714E8C8E1004FD11A /* InfoPlist.strings in Resources */ = {isa = PBXBuildFile; fileRef = BB0D890514E8C8E1004FD11A /* InfoPlist.strings */; };
		BB0D890914E8C8E1004FD11A /* main.m in Sources */ = {isa = PBXBuildFile; fileRef = BB0D890814E8C8E1004FD11A /* main.m */; };
		BB0D890D14E8C8E1004FD11A /* AppDelegate.m in Sources */ = {isa = PBXBuildFile; fileRef = BB0D890C14E8C8E1004FD11A /* AppDelegate.m */; };
		BB0D891014E8C8E1004FD11A /* MainStoryboard.storyboard in Resources */ = {isa = PBXBuildFile; fileRef = BB0D890E14E8C8E1004FD11A /* MainStoryboard.storyboard */; };
		BB0D891314E8C8E1004FD11A /* ViewController.m in Sources */ = {isa = PBXBuildFile; fileRef = BB0D891214E8C8E1004FD11A /* ViewController.m */; };
		BB686C9414F05D6A00759EB6 /* Accelerometer.m in Sources */ = {isa = PBXBuildFile; fileRef = BB686C9314F05D6A00759EB6 /* Accelerometer.m */; };
		BB76EF8714E8D4CC00FEEDD2 /* Tile.m in Sources */ = {isa = PBXBuildFile; fileRef = BB76EF8614E8D4CC00FEEDD2 /* Tile.m */; };
		BB76EF8A14E8E93C00FEEDD2 /* PixelEngine.m in Sources */ = {isa = PBXBuildFile; fileRef = BB76EF8914E8E93C00FEEDD2 /* PixelEngine.m */; };
		BB76EF8D14E8EA7900FEEDD2 /* Grid.m in Sources */ = {isa = PBXBuildFile; fileRef = BB76EF8C14E8EA7900FEEDD2 /* Grid.m */; };
		BBEC62811510066000270A88 /* PictureSelectSpaceInvaderViewController.m in Sources */ = {isa = PBXBuildFile; fileRef = BBEC62801510066000270A88 /* PictureSelectSpaceInvaderViewController.m */; };
/* End PBXBuildFile section */

/* Begin PBXFileReference section */
		530607EC14ED07A50074BD64 /* PixelView.h */ = {isa = PBXFileReference; fileEncoding = 4; lastKnownFileType = sourcecode.c.h; path = PixelView.h; sourceTree = "<group>"; };
		530607ED14ED07A50074BD64 /* PixelView.m */ = {isa = PBXFileReference; fileEncoding = 4; lastKnownFileType = sourcecode.c.objc; path = PixelView.m; sourceTree = "<group>"; };
		533CB27B15056CF200F4B36E /* TileView.h */ = {isa = PBXFileReference; fileEncoding = 4; lastKnownFileType = sourcecode.c.h; path = TileView.h; sourceTree = "<group>"; };
		533CB27C15056CF200F4B36E /* TileView.m */ = {isa = PBXFileReference; fileEncoding = 4; lastKnownFileType = sourcecode.c.objc; path = TileView.m; sourceTree = "<group>"; };
		533CB2831505B6AE00F4B36E /* QuartzCore.framework */ = {isa = PBXFileReference; lastKnownFileType = wrapper.framework; name = QuartzCore.framework; path = System/Library/Frameworks/QuartzCore.framework; sourceTree = SDKROOT; };
		533CB2851505BA9C00F4B36E /* TileQueue.h */ = {isa = PBXFileReference; fileEncoding = 4; lastKnownFileType = sourcecode.c.h; path = TileQueue.h; sourceTree = "<group>"; };
		533CB2861505BA9C00F4B36E /* TileQueue.m */ = {isa = PBXFileReference; fileEncoding = 4; lastKnownFileType = sourcecode.c.objc; path = TileQueue.m; sourceTree = "<group>"; };
		533CB2881505BB7700F4B36E /* MovableTile.h */ = {isa = PBXFileReference; fileEncoding = 4; lastKnownFileType = sourcecode.c.h; path = MovableTile.h; sourceTree = "<group>"; };
		533CB2891505BB7700F4B36E /* MovableTile.m */ = {isa = PBXFileReference; fileEncoding = 4; lastKnownFileType = sourcecode.c.objc; path = MovableTile.m; sourceTree = "<group>"; };
		5382643314F1E8A20032E40C /* plungingpixels.png */ = {isa = PBXFileReference; lastKnownFileType = image.png; name = plungingpixels.png; path = ../plungingpixels.png; sourceTree = "<group>"; };
		53EDC70F151104560065BCB0 /* PictureSelectMarioViewController.h */ = {isa = PBXFileReference; fileEncoding = 4; lastKnownFileType = sourcecode.c.h; path = PictureSelectMarioViewController.h; sourceTree = "<group>"; };
		53EDC710151104560065BCB0 /* PictureSelectMarioViewController.m */ = {isa = PBXFileReference; fileEncoding = 4; lastKnownFileType = sourcecode.c.objc; path = PictureSelectMarioViewController.m; sourceTree = "<group>"; };
		BB0D88F814E8C8E1004FD11A /* PlungingPixels.app */ = {isa = PBXFileReference; explicitFileType = wrapper.application; includeInIndex = 0; path = PlungingPixels.app; sourceTree = BUILT_PRODUCTS_DIR; };
		BB0D88FC14E8C8E1004FD11A /* UIKit.framework */ = {isa = PBXFileReference; lastKnownFileType = wrapper.framework; name = UIKit.framework; path = System/Library/Frameworks/UIKit.framework; sourceTree = SDKROOT; };
		BB0D88FE14E8C8E1004FD11A /* Foundation.framework */ = {isa = PBXFileReference; lastKnownFileType = wrapper.framework; name = Foundation.framework; path = System/Library/Frameworks/Foundation.framework; sourceTree = SDKROOT; };
		BB0D890014E8C8E1004FD11A /* CoreGraphics.framework */ = {isa = PBXFileReference; lastKnownFileType = wrapper.framework; name = CoreGraphics.framework; path = System/Library/Frameworks/CoreGraphics.framework; sourceTree = SDKROOT; };
		BB0D890414E8C8E1004FD11A /* PlungingPixels-Info.plist */ = {isa = PBXFileReference; lastKnownFileType = text.plist.xml; path = "PlungingPixels-Info.plist"; sourceTree = "<group>"; };
		BB0D890614E8C8E1004FD11A /* en */ = {isa = PBXFileReference; lastKnownFileType = text.plist.strings; name = en; path = en.lproj/InfoPlist.strings; sourceTree = "<group>"; };
		BB0D890814E8C8E1004FD11A /* main.m */ = {isa = PBXFileReference; lastKnownFileType = sourcecode.c.objc; path = main.m; sourceTree = "<group>"; };
		BB0D890A14E8C8E1004FD11A /* PlungingPixels-Prefix.pch */ = {isa = PBXFileReference; lastKnownFileType = sourcecode.c.h; path = "PlungingPixels-Prefix.pch"; sourceTree = "<group>"; };
		BB0D890B14E8C8E1004FD11A /* AppDelegate.h */ = {isa = PBXFileReference; lastKnownFileType = sourcecode.c.h; path = AppDelegate.h; sourceTree = "<group>"; };
		BB0D890C14E8C8E1004FD11A /* AppDelegate.m */ = {isa = PBXFileReference; lastKnownFileType = sourcecode.c.objc; path = AppDelegate.m; sourceTree = "<group>"; };
		BB0D890F14E8C8E1004FD11A /* en */ = {isa = PBXFileReference; lastKnownFileType = file.storyboard; name = en; path = en.lproj/MainStoryboard.storyboard; sourceTree = "<group>"; };
		BB0D891114E8C8E1004FD11A /* ViewController.h */ = {isa = PBXFileReference; lastKnownFileType = sourcecode.c.h; path = ViewController.h; sourceTree = "<group>"; };
		BB0D891214E8C8E1004FD11A /* ViewController.m */ = {isa = PBXFileReference; lastKnownFileType = sourcecode.c.objc; path = ViewController.m; sourceTree = "<group>"; };
		BB686C9214F05D6A00759EB6 /* Accelerometer.h */ = {isa = PBXFileReference; fileEncoding = 4; lastKnownFileType = sourcecode.c.h; path = Accelerometer.h; sourceTree = "<group>"; };
		BB686C9314F05D6A00759EB6 /* Accelerometer.m */ = {isa = PBXFileReference; fileEncoding = 4; lastKnownFileType = sourcecode.c.objc; path = Accelerometer.m; sourceTree = "<group>"; };
		BB76EF8514E8D4CC00FEEDD2 /* Tile.h */ = {isa = PBXFileReference; fileEncoding = 4; lastKnownFileType = sourcecode.c.h; path = Tile.h; sourceTree = "<group>"; };
		BB76EF8614E8D4CC00FEEDD2 /* Tile.m */ = {isa = PBXFileReference; fileEncoding = 4; lastKnownFileType = sourcecode.c.objc; path = Tile.m; sourceTree = "<group>"; };
		BB76EF8814E8E93C00FEEDD2 /* PixelEngine.h */ = {isa = PBXFileReference; fileEncoding = 4; lastKnownFileType = sourcecode.c.h; path = PixelEngine.h; sourceTree = "<group>"; };
		BB76EF8914E8E93C00FEEDD2 /* PixelEngine.m */ = {isa = PBXFileReference; fileEncoding = 4; lastKnownFileType = sourcecode.c.objc; path = PixelEngine.m; sourceTree = "<group>"; };
		BB76EF8B14E8EA7900FEEDD2 /* Grid.h */ = {isa = PBXFileReference; fileEncoding = 4; lastKnownFileType = sourcecode.c.h; path = Grid.h; sourceTree = "<group>"; };
		BB76EF8C14E8EA7900FEEDD2 /* Grid.m */ = {isa = PBXFileReference; fileEncoding = 4; lastKnownFileType = sourcecode.c.objc; path = Grid.m; sourceTree = "<group>"; };
		BBEC627F1510066000270A88 /* PictureSelectSpaceInvaderViewController.h */ = {isa = PBXFileReference; fileEncoding = 4; lastKnownFileType = sourcecode.c.h; path = PictureSelectSpaceInvaderViewController.h; sourceTree = "<group>"; };
		BBEC62801510066000270A88 /* PictureSelectSpaceInvaderViewController.m */ = {isa = PBXFileReference; fileEncoding = 4; lastKnownFileType = sourcecode.c.objc; path = PictureSelectSpaceInvaderViewController.m; sourceTree = "<group>"; };
/* End PBXFileReference section */

/* Begin PBXFrameworksBuildPhase section */
		BB0D88F514E8C8E1004FD11A /* Frameworks */ = {
			isa = PBXFrameworksBuildPhase;
			buildActionMask = 2147483647;
			files = (
				533CB2841505B6AF00F4B36E /* QuartzCore.framework in Frameworks */,
				BB0D88FD14E8C8E1004FD11A /* UIKit.framework in Frameworks */,
				BB0D88FF14E8C8E1004FD11A /* Foundation.framework in Frameworks */,
				BB0D890114E8C8E1004FD11A /* CoreGraphics.framework in Frameworks */,
			);
			runOnlyForDeploymentPostprocessing = 0;
		};
/* End PBXFrameworksBuildPhase section */

/* Begin PBXGroup section */
		BB0D88ED14E8C8E1004FD11A = {
			isa = PBXGroup;
			children = (
				533CB2831505B6AE00F4B36E /* QuartzCore.framework */,
				BB0D890214E8C8E1004FD11A /* PlungingPixels */,
				BB0D88FB14E8C8E1004FD11A /* Frameworks */,
				BB0D88F914E8C8E1004FD11A /* Products */,
			);
			sourceTree = "<group>";
		};
		BB0D88F914E8C8E1004FD11A /* Products */ = {
			isa = PBXGroup;
			children = (
				BB0D88F814E8C8E1004FD11A /* PlungingPixels.app */,
			);
			name = Products;
			sourceTree = "<group>";
		};
		BB0D88FB14E8C8E1004FD11A /* Frameworks */ = {
			isa = PBXGroup;
			children = (
				BB0D88FC14E8C8E1004FD11A /* UIKit.framework */,
				BB0D88FE14E8C8E1004FD11A /* Foundation.framework */,
				BB0D890014E8C8E1004FD11A /* CoreGraphics.framework */,
			);
			name = Frameworks;
			sourceTree = "<group>";
		};
		BB0D890214E8C8E1004FD11A /* PlungingPixels */ = {
			isa = PBXGroup;
			children = (
				5382643314F1E8A20032E40C /* plungingpixels.png */,
				BB686C9214F05D6A00759EB6 /* Accelerometer.h */,
				BB686C9314F05D6A00759EB6 /* Accelerometer.m */,
				BB76EF8514E8D4CC00FEEDD2 /* Tile.h */,
				BB76EF8614E8D4CC00FEEDD2 /* Tile.m */,
				BB76EF8B14E8EA7900FEEDD2 /* Grid.h */,
				BB76EF8C14E8EA7900FEEDD2 /* Grid.m */,
				533CB2851505BA9C00F4B36E /* TileQueue.h */,
				533CB2861505BA9C00F4B36E /* TileQueue.m */,
				BB76EF8814E8E93C00FEEDD2 /* PixelEngine.h */,
				BB76EF8914E8E93C00FEEDD2 /* PixelEngine.m */,
				530607EC14ED07A50074BD64 /* PixelView.h */,
				530607ED14ED07A50074BD64 /* PixelView.m */,
				533CB27B15056CF200F4B36E /* TileView.h */,
				533CB27C15056CF200F4B36E /* TileView.m */,
				533CB2881505BB7700F4B36E /* MovableTile.h */,
				533CB2891505BB7700F4B36E /* MovableTile.m */,
				BB0D891114E8C8E1004FD11A /* ViewController.h */,
				BB0D891214E8C8E1004FD11A /* ViewController.m */,
				BBEC627F1510066000270A88 /* PictureSelectSpaceInvaderViewController.h */,
				BBEC62801510066000270A88 /* PictureSelectSpaceInvaderViewController.m */,
				53EDC70F151104560065BCB0 /* PictureSelectMarioViewController.h */,
				53EDC710151104560065BCB0 /* PictureSelectMarioViewController.m */,
				BB0D890B14E8C8E1004FD11A /* AppDelegate.h */,
				BB0D890C14E8C8E1004FD11A /* AppDelegate.m */,
				BB0D890E14E8C8E1004FD11A /* MainStoryboard.storyboard */,
				BB0D890314E8C8E1004FD11A /* Supporting Files */,
			);
			path = PlungingPixels;
			sourceTree = "<group>";
		};
		BB0D890314E8C8E1004FD11A /* Supporting Files */ = {
			isa = PBXGroup;
			children = (
				BB0D890414E8C8E1004FD11A /* PlungingPixels-Info.plist */,
				BB0D890514E8C8E1004FD11A /* InfoPlist.strings */,
				BB0D890814E8C8E1004FD11A /* main.m */,
				BB0D890A14E8C8E1004FD11A /* PlungingPixels-Prefix.pch */,
			);
			name = "Supporting Files";
			sourceTree = "<group>";
		};
/* End PBXGroup section */

/* Begin PBXNativeTarget section */
		BB0D88F714E8C8E1004FD11A /* PlungingPixels */ = {
			isa = PBXNativeTarget;
			buildConfigurationList = BB0D891614E8C8E1004FD11A /* Build configuration list for PBXNativeTarget "PlungingPixels" */;
			buildPhases = (
				BB0D88F414E8C8E1004FD11A /* Sources */,
				BB0D88F514E8C8E1004FD11A /* Frameworks */,
				BB0D88F614E8C8E1004FD11A /* Resources */,
			);
			buildRules = (
			);
			dependencies = (
			);
			name = PlungingPixels;
			productName = PlungingPixels;
			productReference = BB0D88F814E8C8E1004FD11A /* PlungingPixels.app */;
			productType = "com.apple.product-type.application";
		};
/* End PBXNativeTarget section */

/* Begin PBXProject section */
		BB0D88EF14E8C8E1004FD11A /* Project object */ = {
			isa = PBXProject;
			attributes = {
				LastUpgradeCheck = 0430;
				ORGANIZATIONNAME = "Cal Poly San Luis Obispo";
			};
			buildConfigurationList = BB0D88F214E8C8E1004FD11A /* Build configuration list for PBXProject "PlungingPixels" */;
			compatibilityVersion = "Xcode 3.2";
			developmentRegion = English;
			hasScannedForEncodings = 0;
			knownRegions = (
				en,
			);
			mainGroup = BB0D88ED14E8C8E1004FD11A;
			productRefGroup = BB0D88F914E8C8E1004FD11A /* Products */;
			projectDirPath = "";
			projectRoot = "";
			targets = (
				BB0D88F714E8C8E1004FD11A /* PlungingPixels */,
			);
		};
/* End PBXProject section */

/* Begin PBXResourcesBuildPhase section */
		BB0D88F614E8C8E1004FD11A /* Resources */ = {
			isa = PBXResourcesBuildPhase;
			buildActionMask = 2147483647;
			files = (
				BB0D890714E8C8E1004FD11A /* InfoPlist.strings in Resources */,
				BB0D891014E8C8E1004FD11A /* MainStoryboard.storyboard in Resources */,
				5382643414F1E8A20032E40C /* plungingpixels.png in Resources */,
			);
			runOnlyForDeploymentPostprocessing = 0;
		};
/* End PBXResourcesBuildPhase section */

/* Begin PBXSourcesBuildPhase section */
		BB0D88F414E8C8E1004FD11A /* Sources */ = {
			isa = PBXSourcesBuildPhase;
			buildActionMask = 2147483647;
			files = (
				BB0D890914E8C8E1004FD11A /* main.m in Sources */,
				BB0D890D14E8C8E1004FD11A /* AppDelegate.m in Sources */,
				BB0D891314E8C8E1004FD11A /* ViewController.m in Sources */,
				BB76EF8714E8D4CC00FEEDD2 /* Tile.m in Sources */,
				BB76EF8A14E8E93C00FEEDD2 /* PixelEngine.m in Sources */,
				BB76EF8D14E8EA7900FEEDD2 /* Grid.m in Sources */,
				530607EE14ED07A50074BD64 /* PixelView.m in Sources */,
				BB686C9414F05D6A00759EB6 /* Accelerometer.m in Sources */,
				533CB27D15056CF200F4B36E /* TileView.m in Sources */,
				533CB2871505BA9C00F4B36E /* TileQueue.m in Sources */,
				533CB28A1505BB7700F4B36E /* MovableTile.m in Sources */,
				BBEC62811510066000270A88 /* PictureSelectSpaceInvaderViewController.m in Sources */,
				53EDC711151104560065BCB0 /* PictureSelectMarioViewController.m in Sources */,
			);
			runOnlyForDeploymentPostprocessing = 0;
		};
/* End PBXSourcesBuildPhase section */

/* Begin PBXVariantGroup section */
		BB0D890514E8C8E1004FD11A /* InfoPlist.strings */ = {
			isa = PBXVariantGroup;
			children = (
				BB0D890614E8C8E1004FD11A /* en */,
			);
			name = InfoPlist.strings;
			sourceTree = "<group>";
		};
		BB0D890E14E8C8E1004FD11A /* MainStoryboard.storyboard */ = {
			isa = PBXVariantGroup;
			children = (
				BB0D890F14E8C8E1004FD11A /* en */,
			);
			name = MainStoryboard.storyboard;
			sourceTree = "<group>";
		};
/* End PBXVariantGroup section */

/* Begin XCBuildConfiguration section */
		BB0D891414E8C8E1004FD11A /* Debug */ = {
			isa = XCBuildConfiguration;
			buildSettings = {
				ALWAYS_SEARCH_USER_PATHS = NO;
				ARCHS = "$(ARCHS_STANDARD_32_BIT)";
				CLANG_ENABLE_OBJC_ARC = YES;
				"CODE_SIGN_IDENTITY[sdk=iphoneos*]" = "iPhone Developer";
				COPY_PHASE_STRIP = NO;
				GCC_C_LANGUAGE_STANDARD = gnu99;
				GCC_DYNAMIC_NO_PIC = NO;
				GCC_OPTIMIZATION_LEVEL = 0;
				GCC_PREPROCESSOR_DEFINITIONS = (
					"DEBUG=1",
					"$(inherited)",
				);
				GCC_SYMBOLS_PRIVATE_EXTERN = NO;
				GCC_VERSION = com.apple.compilers.llvm.clang.1_0;
				GCC_WARN_ABOUT_MISSING_PROTOTYPES = YES;
				GCC_WARN_ABOUT_RETURN_TYPE = YES;
				GCC_WARN_UNUSED_VARIABLE = YES;
				IPHONEOS_DEPLOYMENT_TARGET = 5.0;
				SDKROOT = iphoneos;
			};
			name = Debug;
		};
		BB0D891514E8C8E1004FD11A /* Release */ = {
			isa = XCBuildConfiguration;
			buildSettings = {
				ALWAYS_SEARCH_USER_PATHS = NO;
				ARCHS = "$(ARCHS_STANDARD_32_BIT)";
				CLANG_ENABLE_OBJC_ARC = YES;
				"CODE_SIGN_IDENTITY[sdk=iphoneos*]" = "iPhone Developer";
				COPY_PHASE_STRIP = YES;
				GCC_C_LANGUAGE_STANDARD = gnu99;
				GCC_VERSION = com.apple.compilers.llvm.clang.1_0;
				GCC_WARN_ABOUT_MISSING_PROTOTYPES = YES;
				GCC_WARN_ABOUT_RETURN_TYPE = YES;
				GCC_WARN_UNUSED_VARIABLE = YES;
				IPHONEOS_DEPLOYMENT_TARGET = 5.0;
				OTHER_CFLAGS = "-DNS_BLOCK_ASSERTIONS=1";
				SDKROOT = iphoneos;
				VALIDATE_PRODUCT = YES;
			};
			name = Release;
		};
		BB0D891714E8C8E1004FD11A /* Debug */ = {
			isa = XCBuildConfiguration;
			buildSettings = {
				GCC_PRECOMPILE_PREFIX_HEADER = YES;
				GCC_PREFIX_HEADER = "PlungingPixels/PlungingPixels-Prefix.pch";
				INFOPLIST_FILE = "PlungingPixels/PlungingPixels-Info.plist";
				PRODUCT_NAME = "$(TARGET_NAME)";
				WRAPPER_EXTENSION = app;
			};
			name = Debug;
		};
		BB0D891814E8C8E1004FD11A /* Release */ = {
			isa = XCBuildConfiguration;
			buildSettings = {
				GCC_PRECOMPILE_PREFIX_HEADER = YES;
				GCC_PREFIX_HEADER = "PlungingPixels/PlungingPixels-Prefix.pch";
				INFOPLIST_FILE = "PlungingPixels/PlungingPixels-Info.plist";
				PRODUCT_NAME = "$(TARGET_NAME)";
				SKIP_INSTALL = NO;
				WRAPPER_EXTENSION = app;
			};
			name = Release;
		};
/* End XCBuildConfiguration section */

/* Begin XCConfigurationList section */
		BB0D88F214E8C8E1004FD11A /* Build configuration list for PBXProject "PlungingPixels" */ = {
			isa = XCConfigurationList;
			buildConfigurations = (
				BB0D891414E8C8E1004FD11A /* Debug */,
				BB0D891514E8C8E1004FD11A /* Release */,
			);
			defaultConfigurationIsVisible = 0;
			defaultConfigurationName = Release;
		};
		BB0D891614E8C8E1004FD11A /* Build configuration list for PBXNativeTarget "PlungingPixels" */ = {
			isa = XCConfigurationList;
			buildConfigurations = (
				BB0D891714E8C8E1004FD11A /* Debug */,
				BB0D891814E8C8E1004FD11A /* Release */,
			);
			defaultConfigurationIsVisible = 0;
			defaultConfigurationName = Release;
		};
/* End XCConfigurationList section */
	};
	rootObject = BB0D88EF14E8C8E1004FD11A /* Project object */;
}
